
Microsoft Visual Studio Solution File, Format Version 12.00
# Visual Studio 14
VisualStudioVersion = 14.0.25420.1
MinimumVisualStudioVersion = 10.0.40219.1
Project("{159641D6-6404-4A2A-AE62-294DE0FE8301}") = "mapeamento_arquivos_servidores", "mapeamento_arquivios_servidores\mapeamento_arquivos_servidores.dtproj", "{AF4407EF-96EB-4364-BF00-B685F89C1AD4}"
EndProject
Global
	GlobalSection(SolutionConfigurationPlatforms) = preSolution
		Development|Default = Development|Default
	EndGlobalSection
	GlobalSection(ProjectConfigurationPlatforms) = postSolution
		{AF4407EF-96EB-4364-BF00-B685F89C1AD4}.Development|Default.ActiveCfg = Development
		{AF4407EF-96EB-4364-BF00-B685F89C1AD4}.Development|Default.Build.0 = Development
	EndGlobalSection
	GlobalSection(SolutionProperties) = preSolution
		HideSolutionNode = FALSE
	EndGlobalSection
EndGlobal
